{
  "pins" : [
    {
      "identity" : "iqkeyboardmanager",
      "kind" : "remoteSourceControl",
      "location" : "https://github.com/hackiftekhar/IQKeyboardManager.git",
      "state" : {
        "revision" : "9ab144a1a6c6ae8dad25840610c072709b15d8b5",
        "version" : "6.5.10"
      }
    },
    {
      "identity" : "pendo-mobile-ios",
      "kind" : "remoteSourceControl",
      "location" : "https://github.com/pendo-io/pendo-mobile-ios",
      "state" : {
        "revision" : "7f9b44d351421501b399333e0833d81323ad5b02",
        "version" : "2.17.0"
      }
    },
    {
      "identity" : "sidemenu",
      "kind" : "remoteSourceControl",
      "location" : "https://github.com/jonkykong/SideMenu.git",
      "state" : {
        "branch" : "master",
        "revision" : "8bd4fd128923cf5494fa726839af8afe12908ad9"
      }
    }
  ],
  "version" : 2
}
